
Microsoft Visual Studio Solution File, Format Version 12.00
# Visual Studio Version 16
VisualStudioVersion = 16.0.29613.14
MinimumVisualStudioVersion = 10.0.40219.1
Project("{FAE04EC0-301F-11D3-BF4B-00C04F79EFBC}") = "CarManager_1", "CarManager_1\CarManager_1.csproj", "{38C357ED-83BD-4EE1-BDB6-29C4805E38E1}"
EndProject
Global
	GlobalSection(SolutionConfigurationPlatforms) = preSolution
		Debug|Any CPU = Debug|Any CPU
		Release|Any CPU = Release|Any CPU
	EndGlobalSection
	GlobalSection(ProjectConfigurationPlatforms) = postSolution
		{38C357ED-83BD-4EE1-BDB6-29C4805E38E1}.Debug|Any CPU.ActiveCfg = Debug|Any CPU
		{38C357ED-83BD-4EE1-BDB6-29C4805E38E1}.Debug|Any CPU.Build.0 = Debug|Any CPU
		{38C357ED-83BD-4EE1-BDB6-29C4805E38E1}.Release|Any CPU.ActiveCfg = Release|Any CPU
		{38C357ED-83BD-4EE1-BDB6-29C4805E38E1}.Release|Any CPU.Build.0 = Release|Any CPU
	EndGlobalSection
	GlobalSection(SolutionProperties) = preSolution
		HideSolutionNode = FALSE
	EndGlobalSection
	GlobalSection(ExtensibilityGlobals) = postSolution
		SolutionGuid = {CF82F73F-B559-446A-887B-391A84A066F9}
	EndGlobalSection
EndGlobal
